github.com/Maxime2/tabulated-function v0.0.0-20250712043122-ee88323adc01 h1:OASmiFkcW0DJs36jUPkwyNClvJvR26ewY0REyvqr7qs=
github.com/Maxime2/tabulated-function v0.0.0-20250712043122-ee88323adc01/go.mod h1:O25w2sqqyOt6SgXgi8riFj+qNCUSZ4AeOw4CkHsqHyo=
github.com/Maxime2/tabulated-function v0.0.0-20260228024844-d4f2e3a2c201 h1:CXe/SQdxEIVDZHHoHm0W473a0pI9jv80kYMmLiFD3x4=
github.com/Maxime2/tabulated-function v0.0.0-20260228024844-d4f2e3a2c201/go.mod h1:O25w2sqqyOt6SgXgi8riFj+qNCUSZ4AeOw4CkHsqHyo=
github.com/Maxime2/tabulated-function v0.0.0-20260309202750-53d5cf8bb7d5 h1:/248z1fNE3AO7RyvZhPSsdcvOosrcMvLyC9fb5+ehcg=
github.com/Maxime2/tabulated-function v0.0.0-20260309202750-53d5cf8bb7d5/go.mod h1:O25w2sqqyOt6SgXgi8riFj+qNCUSZ4AeOw4CkHsqHyo=
github.com/Maxime2/tabulated-function v0.0.0-20260403111010-a622d7bb921b h1:co68Tc7+kMZs9oZngY9PeNiIwqs0mTA3W9XGvQ2t5ds=
github.com/Maxime2/tabulated-function v0.0.0-20260403111010-a622d7bb921b/go.mod h1:O25w2sqqyOt6SgXgi8riFj+qNCUSZ4AeOw4CkHsqHyo=
github.com/Maxime2/tabulated-function v0.0.0-20260407112243-9e04100243b4 h1:58eFJPsGvR76vJxP3I0pYaHv2u3DwAjGUZK2CEK5AjU=
github.com/Maxime2/tabulated-function v0.0.0-20260407112243-9e04100243b4/go.mod h1:O25w2sqqyOt6SgXgi8riFj+qNCUSZ4AeOw4CkHsqHyo=
github.com/Maxime2/tabulated-function v0.0.0-20260415133923-27fd1dd1c569 h1:GXflbcMZyiahmE3KuNNK9L6+Yz1oU7dLcBVCf0THnbE=
github.com/Maxime2/tabulated-function v0.0.0-20260415133923-27fd1dd1c569/go.mod h1:O25w2sqqyOt6SgXgi8riFj+qNCUSZ4AeOw4CkHsqHyo=
github.com/Maxime2/tabulated-function v0.0.0-20260424125127-2f9e28bd6a20 h1:cG1glmPG9jx96F3EIuh1fDmEJ/lKNX4YgIpl7QLHTBE=
github.com/Maxime2/tabulated-function v0.0.0-20260424125127-2f9e28bd6a20/go.mod h1:O25w2sqqyOt6SgXgi8riFj+qNCUSZ4AeOw4CkHsqHyo=
github.com/Maxime2/tabulated-function v0.0.0-20260425052432-4223b925cbf7 h1:CjWJU0Ys6TQ7dfv3KlH5BTyoaOjsyYVbbo1UF4tJQtE=
github.com/Maxime2/tabulated-function v0.0.0-20260425052432-4223b925cbf7/go.mod h1:O25w2sqqyOt6SgXgi8riFj+qNCUSZ4AeOw4CkHsqHyo=
github.com/Maxime2/tabulated-function v0.0.0-20260425062604-4244e66be9f0 h1:C5cIPjUegbWbdh8RAIGj+w0Ev5YnRitJ2RkPM6Woqfk=
github.com/Maxime2/tabulated-function v0.0.0-20260425062604-4244e66be9f0/go.mod h1:O25w2sqqyOt6SgXgi8riFj+qNCUSZ4AeOw4CkHsqHyo=
github.com/davecgh/go-spew v1.1.1 h1:vj9j/u1bqnvCEfJOwUhtlOARqs3+rkHYY13jYWTU97c=
github.com/davecgh/go-spew v1.1.1/go.mod h1:J7Y8YcW2NihsgmVo/mv3lAwl/skON4iLHjSsI+c5H38=
github.com/pmezard/go-difflib v1.0.0 h1:4DBwDE0NGyQoBHbLQYPwSUPoCMWR5BEzIk/f1lZbAQM=
github.com/pmezard/go-difflib v1.0.0/go.mod h1:iKH77koFhYxTK1pcRnkKkqfTogsbg7gZNVY4sRDYZ/4=
github.com/stretchr/testify v1.8.4 h1:CcVxjf3Q8PM0mHUKJCdn+eZZtm5yQwehR5yeSVQQcUk=
github.com/stretchr/testify v1.8.4/go.mod h1:sz/lmYIOXD/1dqDmKjjqLyZ2RngseejIcXlSw2iwfAo=
github.com/theothertomelliott/acyclic v0.0.1 h1:MZ6AEpKS9owkvyNg2RKyD91eG0PVTmOTdE8lYOckWqg=
github.com/theothertomelliott/acyclic v0.0.1/go.mod h1:Lf1fgDzzzm31NWJNN1fjs0b0ozYFgalZM/lxm2AK+68=
golang.org/x/sync v0.16.0 h1:ycBJEhp9p4vXvUZNszeOq0kGTPghopOL8q0fq3vstxw=
golang.org/x/sync v0.16.0/go.mod h1:1dzgHSNfp02xaA81J2MS99Qcpr2w7fw1gpm99rleRqA=
golang.org/x/sync v0.19.0 h1:vV+1eWNmZ5geRlYjzm2adRgW2/mcpevXNg50YZtPCE4=
golang.org/x/sync v0.19.0/go.mod h1:9KTHXmSnoGruLpwFjVSX0lNNA75CykiMECbovNTZqGI=
golang.org/x/sync v0.20.0 h1:e0PTpb7pjO8GAtTs2dQ6jYa5BWYlMuX047Dco/pItO4=
golang.org/x/sync v0.20.0/go.mod h1:9xrNwdLfx4jkKbNva9FpL6vEN7evnE43NNNJQ2LF3+0=
gopkg.in/check.v1 v0.0.0-20161208181325-20d25e280405 h1:yhCVgyC4o1eVCa2tZl7eS0r+SDo693bJlVdllGtEeKM=
gopkg.in/check.v1 v0.0.0-20161208181325-20d25e280405/go.mod h1:Co6ibVJAznAaIkqp8huTwlJQCZ016jof/cbN4VW5Yz0=
gopkg.in/yaml.v3 v3.0.1 h1:fxVm/GzAzEWqLHuvctI91KS9hhNmmWOoWu0XTYJS7CA=
gopkg.in/yaml.v3 v3.0.1/go.mod h1:K4uyk7z7BCEPqu6E+C64Yfv1cQ7kz7rIZviUmN+EgEM=
